
Microsoft Visual Studio Solution File, Format Version 12.00
# Visual Studio Version 17
VisualStudioVersion = 17.7.34221.43
MinimumVisualStudioVersion = 10.0.40219.1
Project("{9A19103F-16F7-4668-BE54-9A1E7A4F7556}") = "ApiExa", "ApiExa\ApiExa.csproj", "{4C0F786D-36DF-4DCD-94FA-170902714D68}"
EndProject
Project("{9A19103F-16F7-4668-BE54-9A1E7A4F7556}") = "Infraestructura", "Infraestructura\Infraestructura.csproj", "{83FCD1EA-DD10-47F0-BE3B-F63BE790B420}"
EndProject
Project("{9A19103F-16F7-4668-BE54-9A1E7A4F7556}") = "Servicios", "Servicios\Servicios.csproj", "{B8D5DD1E-F986-4B43-9130-D5AB00041C33}"
EndProject
Project("{FAE04EC0-301F-11D3-BF4B-00C04F79EFBC}") = "ExaApi", "ExaApi\ExaApi.csproj", "{14AC0D5E-30EF-44BB-83E3-C5697DD1DA19}"
EndProject
Global
	GlobalSection(SolutionConfigurationPlatforms) = preSolution
		Debug|Any CPU = Debug|Any CPU
		Release|Any CPU = Release|Any CPU
	EndGlobalSection
	GlobalSection(ProjectConfigurationPlatforms) = postSolution
		{4C0F786D-36DF-4DCD-94FA-170902714D68}.Debug|Any CPU.ActiveCfg = Debug|Any CPU
		{4C0F786D-36DF-4DCD-94FA-170902714D68}.Debug|Any CPU.Build.0 = Debug|Any CPU
		{4C0F786D-36DF-4DCD-94FA-170902714D68}.Release|Any CPU.ActiveCfg = Release|Any CPU
		{4C0F786D-36DF-4DCD-94FA-170902714D68}.Release|Any CPU.Build.0 = Release|Any CPU
		{83FCD1EA-DD10-47F0-BE3B-F63BE790B420}.Debug|Any CPU.ActiveCfg = Debug|Any CPU
		{83FCD1EA-DD10-47F0-BE3B-F63BE790B420}.Debug|Any CPU.Build.0 = Debug|Any CPU
		{83FCD1EA-DD10-47F0-BE3B-F63BE790B420}.Release|Any CPU.ActiveCfg = Release|Any CPU
		{83FCD1EA-DD10-47F0-BE3B-F63BE790B420}.Release|Any CPU.Build.0 = Release|Any CPU
		{B8D5DD1E-F986-4B43-9130-D5AB00041C33}.Debug|Any CPU.ActiveCfg = Debug|Any CPU
		{B8D5DD1E-F986-4B43-9130-D5AB00041C33}.Debug|Any CPU.Build.0 = Debug|Any CPU
		{B8D5DD1E-F986-4B43-9130-D5AB00041C33}.Release|Any CPU.ActiveCfg = Release|Any CPU
		{B8D5DD1E-F986-4B43-9130-D5AB00041C33}.Release|Any CPU.Build.0 = Release|Any CPU
		{14AC0D5E-30EF-44BB-83E3-C5697DD1DA19}.Debug|Any CPU.ActiveCfg = Debug|Any CPU
		{14AC0D5E-30EF-44BB-83E3-C5697DD1DA19}.Debug|Any CPU.Build.0 = Debug|Any CPU
		{14AC0D5E-30EF-44BB-83E3-C5697DD1DA19}.Release|Any CPU.ActiveCfg = Release|Any CPU
		{14AC0D5E-30EF-44BB-83E3-C5697DD1DA19}.Release|Any CPU.Build.0 = Release|Any CPU
	EndGlobalSection
	GlobalSection(SolutionProperties) = preSolution
		HideSolutionNode = FALSE
	EndGlobalSection
	GlobalSection(ExtensibilityGlobals) = postSolution
		SolutionGuid = {B00233DD-552C-429C-B3F3-863C119A19BA}
	EndGlobalSection
EndGlobal
